
Microsoft Visual Studio Solution File, Format Version 12.00
# Visual Studio Version 17
VisualStudioVersion = 17.10.35013.160
MinimumVisualStudioVersion = 10.0.40219.1
Project("{FAE04EC0-301F-11D3-BF4B-00C04F79EFBC}") = "10", "10.csproj", "{8FED5675-3586-4505-9768-421C39960D60}"
EndProject
Global
	GlobalSection(SolutionConfigurationPlatforms) = preSolution
		Debug|Any CPU = Debug|Any CPU
		Release|Any CPU = Release|Any CPU
	EndGlobalSection
	GlobalSection(ProjectConfigurationPlatforms) = postSolution
		{8FED5675-3586-4505-9768-421C39960D60}.Debug|Any CPU.ActiveCfg = Debug|Any CPU
		{8FED5675-3586-4505-9768-421C39960D60}.Debug|Any CPU.Build.0 = Debug|Any CPU
		{8FED5675-3586-4505-9768-421C39960D60}.Release|Any CPU.ActiveCfg = Release|Any CPU
		{8FED5675-3586-4505-9768-421C39960D60}.Release|Any CPU.Build.0 = Release|Any CPU
	EndGlobalSection
	GlobalSection(SolutionProperties) = preSolution
		HideSolutionNode = FALSE
	EndGlobalSection
	GlobalSection(ExtensibilityGlobals) = postSolution
		SolutionGuid = {6BDAC39B-C390-4FE2-9D95-5454FABC3410}
	EndGlobalSection
EndGlobal
